<?xml version="1.0" encoding="utf-8"?>
<Project ToolsVersion="4.0" xmlns="http://schemas.microsoft.com/developer/msbuild/2003">
  <ItemGroup>
    <Filter Include="Source Files">
      <UniqueIdentifier>{f0431788-30ea-4c01-87eb-68383da6b4e8}</UniqueIdentifier>
      <Extensions>cpp;c;cxx;rc;def;r;odl;idl;hpj;bat;for;f90</Extensions>
    </Filter>
    <Filter Include="Source Files\VGUI">
      <UniqueIdentifier>{bfdeec20-ce0e-4e10-ad74-f9852046fc81}</UniqueIdentifier>
    </Filter>
    <Filter Include="Header Files">
      <UniqueIdentifier>{e4d7e6b0-10b2-446b-b4e5-d5d78fa7c43d}</UniqueIdentifier>
      <Extensions>h;hpp;hxx;hm;inl;fi;fd</Extensions>
    </Filter>
    <Filter Include="Resource Files">
      <UniqueIdentifier>{f6e07243-1578-4037-9695-1f9dfca3e9fd}</UniqueIdentifier>
      <Extensions>ico;cur;bmp;dlg;rc2;rct;bin;cnt;rtf;gif;jpg;jpeg;jpe</Extensions>
    </Filter>
  </ItemGroup>
  <ItemGroup>
    <ClCompile Include="a5.cpp">
      <Filter>Source Files</Filter>
    </ClCompile>
    <ClCompile Include="ammo.cpp">
      <Filter>Source Files</Filter>
    </ClCompile>
    <ClCompile Include="ammohistory.cpp">
      <Filter>Source Files</Filter>
    </ClCompile>
    <ClCompile Include="angel.cpp">
      <Filter>Source Files</Filter>
    </ClCompile>
    <ClCompile Include="blazer.cpp">
      <Filter>Source Files</Filter>
    </ClCompile>
    <ClCompile Include="bush.cpp">
      <Filter>Source Files</Filter>
    </ClCompile>
    <ClCompile Include="..\dlls\buy.cpp">
      <Filter>Source Files</Filter>
    </ClCompile>
    <ClCompile Include="cdll_int.cpp">
      <Filter>Source Files</Filter>
    </ClCompile>
    <ClCompile Include="cocker.cpp">
      <Filter>Source Files</Filter>
    </ClCompile>
    <ClCompile Include="com_weapons.cpp">
      <Filter>Source Files</Filter>
    </ClCompile>
    <ClCompile Include="cweapon.cpp">
      <Filter>Source Files</Filter>
    </ClCompile>
    <ClCompile Include="death.cpp">
      <Filter>Source Files</Filter>
    </ClCompile>
    <ClCompile Include="demo.cpp">
      <Filter>Source Files</Filter>
    </ClCompile>
    <ClCompile Include="dm4.cpp">
      <Filter>Source Files</Filter>
    </ClCompile>
    <ClCompile Include="emag.cpp">
      <Filter>Source Files</Filter>
    </ClCompile>
    <ClCompile Include="entity.cpp">
      <Filter>Source Files</Filter>
    </ClCompile>
    <ClCompile Include="ev_common.cpp">
      <Filter>Source Files</Filter>
    </ClCompile>
    <ClCompile Include="ev_hldm.cpp">
      <Filter>Source Files</Filter>
    </ClCompile>
    <ClCompile Include="events.cpp">
      <Filter>Source Files</Filter>
    </ClCompile>
    <ClCompile Include="excal.cpp">
      <Filter>Source Files</Filter>
    </ClCompile>
    <ClCompile Include="flag.cpp">
      <Filter>Source Files</Filter>
    </ClCompile>
    <ClCompile Include="flashlight.cpp">
      <Filter>Source Files</Filter>
    </ClCompile>
    <ClCompile Include="GameStudioModelRenderer.cpp">
      <Filter>Source Files</Filter>
    </ClCompile>
    <ClCompile Include="hl_events.cpp">
      <Filter>Source Files</Filter>
    </ClCompile>
    <ClCompile Include="hopper.cpp">
      <Filter>Source Files</Filter>
    </ClCompile>
    <ClCompile Include="hud.cpp">
      <Filter>Source Files</Filter>
    </ClCompile>
    <ClCompile Include="hud_msg.cpp">
      <Filter>Source Files</Filter>
    </ClCompile>
    <ClCompile Include="hud_redraw.cpp">
      <Filter>Source Files</Filter>
    </ClCompile>
    <ClCompile Include="hud_servers.cpp">
      <Filter>Source Files</Filter>
    </ClCompile>
    <ClCompile Include="hud_spectator.cpp">
      <Filter>Source Files</Filter>
    </ClCompile>
    <ClCompile Include="hud_update.cpp">
      <Filter>Source Files</Filter>
    </ClCompile>
    <ClCompile Include="impulse.cpp">
      <Filter>Source Files</Filter>
    </ClCompile>
    <ClCompile Include="in_camera.cpp">
      <Filter>Source Files</Filter>
    </ClCompile>
    <ClCompile Include="input.cpp">
      <Filter>Source Files</Filter>
    </ClCompile>
    <ClCompile Include="inputw32.cpp">
      <Filter>Source Files</Filter>
    </ClCompile>
    <ClCompile Include="..\common\interface.cpp">
      <Filter>Source Files</Filter>
    </ClCompile>
    <ClCompile Include="m98.cpp">
      <Filter>Source Files</Filter>
    </ClCompile>
    <ClCompile Include="mag.cpp">
      <Filter>Source Files</Filter>
    </ClCompile>
    <ClCompile Include="matrix.cpp">
      <Filter>Source Files</Filter>
    </ClCompile>
    <ClCompile Include="menu.cpp">
      <Filter>Source Files</Filter>
    </ClCompile>
    <ClCompile Include="message.cpp">
      <Filter>Source Files</Filter>
    </ClCompile>
    <ClCompile Include="names.cpp">
      <Filter>Source Files</Filter>
    </ClCompile>
    <ClCompile Include="omen.cpp">
      <Filter>Source Files</Filter>
    </ClCompile>
    <ClCompile Include="orracle.cpp">
      <Filter>Source Files</Filter>
    </ClCompile>
    <ClCompile Include="paintball.cpp">
      <Filter>Source Files</Filter>
    </ClCompile>
    <ClCompile Include="parsemsg.cpp">
      <Filter>Source Files</Filter>
    </ClCompile>
    <ClCompile Include="phantom.cpp">
      <Filter>Source Files</Filter>
    </ClCompile>
    <ClCompile Include="..\pm_shared\pm_debug.c">
      <Filter>Source Files</Filter>
    </ClCompile>
    <ClCompile Include="..\pm_shared\pm_math.c">
      <Filter>Source Files</Filter>
    </ClCompile>
    <ClCompile Include="..\pm_shared\pm_shared.c">
      <Filter>Source Files</Filter>
    </ClCompile>
    <ClCompile Include="random.cpp">
      <Filter>Source Files</Filter>
    </ClCompile>
    <ClCompile Include="say.cpp">
      <Filter>Source Files</Filter>
    </ClCompile>
    <ClCompile Include="saytext.cpp">
      <Filter>Source Files</Filter>
    </ClCompile>
    <ClCompile Include="shocker.cpp">
      <Filter>Source Files</Filter>
    </ClCompile>
    <ClCompile Include="sl68.cpp">
      <Filter>Source Files</Filter>
    </ClCompile>
    <ClCompile Include="spyder.cpp">
      <Filter>Source Files</Filter>
    </ClCompile>
    <ClCompile Include="status_icons.cpp">
      <Filter>Source Files</Filter>
    </ClCompile>
    <ClCompile Include="statusbar.cpp">
      <Filter>Source Files</Filter>
    </ClCompile>
    <ClCompile Include="studio_util.cpp">
      <Filter>Source Files</Filter>
    </ClCompile>
    <ClCompile Include="StudioModelRenderer.cpp">
      <Filter>Source Files</Filter>
    </ClCompile>
    <ClCompile Include="text_message.cpp">
      <Filter>Source Files</Filter>
    </ClCompile>
    <ClCompile Include="timer.cpp">
      <Filter>Source Files</Filter>
    </ClCompile>
    <ClCompile Include="timmy.cpp">
      <Filter>Source Files</Filter>
    </ClCompile>
    <ClCompile Include="train.cpp">
      <Filter>Source Files</Filter>
    </ClCompile>
    <ClCompile Include="tri.cpp">
      <Filter>Source Files</Filter>
    </ClCompile>
    <ClCompile Include="util.cpp">
      <Filter>Source Files</Filter>
    </ClCompile>
    <ClCompile Include="view.cpp">
      <Filter>Source Files</Filter>
    </ClCompile>
    <ClCompile Include="..\game_shared\voice_banmgr.cpp">
      <Filter>Source Files</Filter>
    </ClCompile>
    <ClCompile Include="..\game_shared\voice_status.cpp">
      <Filter>Source Files</Filter>
    </ClCompile>
    <ClCompile Include="..\game_shared\voice_vgui_tweakdlg.cpp">
      <Filter>Source Files</Filter>
    </ClCompile>
    <ClCompile Include="weapons.cpp">
      <Filter>Source Files</Filter>
    </ClCompile>
    <ClCompile Include="..\game_shared\vgui_checkbutton2.cpp">
      <Filter>Source Files\VGUI</Filter>
    </ClCompile>
    <ClCompile Include="vgui_combobox.cpp">
      <Filter>Source Files\VGUI</Filter>
    </ClCompile>
    <ClCompile Include="vgui_ConfigMenu.cpp">
      <Filter>Source Files\VGUI</Filter>
    </ClCompile>
    <ClCompile Include="vgui_ConsolePanel.cpp">
      <Filter>Source Files\VGUI</Filter>
    </ClCompile>
    <ClCompile Include="vgui_ControlConfigPanel.cpp">
      <Filter>Source Files\VGUI</Filter>
    </ClCompile>
    <ClCompile Include="vgui_CustomObjects.cpp">
      <Filter>Source Files\VGUI</Filter>
    </ClCompile>
    <ClCompile Include="..\game_shared\vgui_grid.cpp">
      <Filter>Source Files\VGUI</Filter>
    </ClCompile>
    <ClCompile Include="..\game_shared\vgui_helpers.cpp">
      <Filter>Source Files\VGUI</Filter>
    </ClCompile>
    <ClCompile Include="vgui_int.cpp">
      <Filter>Source Files\VGUI</Filter>
    </ClCompile>
    <ClCompile Include="..\game_shared\vgui_listbox.cpp">
      <Filter>Source Files\VGUI</Filter>
    </ClCompile>
    <ClCompile Include="..\game_shared\vgui_loadtga.cpp">
      <Filter>Source Files\VGUI</Filter>
    </ClCompile>
    <ClCompile Include="vgui_MOTDWindow.cpp">
      <Filter>Source Files\VGUI</Filter>
    </ClCompile>
    <ClCompile Include="vgui_SchemeManager.cpp">
      <Filter>Source Files\VGUI</Filter>
    </ClCompile>
    <ClCompile Include="vgui_ScorePanel.cpp">
      <Filter>Source Files\VGUI</Filter>
    </ClCompile>
    <ClCompile Include="..\game_shared\vgui_scrollbar2.cpp">
      <Filter>Source Files\VGUI</Filter>
    </ClCompile>
    <ClCompile Include="vgui_ServerBrowser.cpp">
      <Filter>Source Files\VGUI</Filter>
    </ClCompile>
    <ClCompile Include="..\game_shared\vgui_slider2.cpp">
      <Filter>Source Files\VGUI</Filter>
    </ClCompile>
    <ClCompile Include="vgui_SpectatorPanel.cpp">
      <Filter>Source Files\VGUI</Filter>
    </ClCompile>
    <ClCompile Include="vgui_TeamFortressViewport.cpp">
      <Filter>Source Files\VGUI</Filter>
    </ClCompile>
    <ClCompile Include="vgui_teammenu.cpp">
      <Filter>Source Files\VGUI</Filter>
    </ClCompile>
    <ClCompile Include="vgui_WeaponMenu.cpp">
      <Filter>Source Files\VGUI</Filter>
    </ClCompile>
  </ItemGroup>
  <ItemGroup>
    <ClInclude Include="..\pm_shared\pm_debug.h">
      <Filter>Source Files</Filter>
    </ClInclude>
    <ClInclude Include="..\pm_shared\pm_defs.h">
      <Filter>Source Files</Filter>
    </ClInclude>
    <ClInclude Include="..\pm_shared\pm_info.h">
      <Filter>Source Files</Filter>
    </ClInclude>
    <ClInclude Include="..\pm_shared\pm_materials.h">
      <Filter>Source Files</Filter>
    </ClInclude>
    <ClInclude Include="..\pm_shared\pm_movevars.h">
      <Filter>Source Files</Filter>
    </ClInclude>
    <ClInclude Include="..\pm_shared\pm_shared.h">
      <Filter>Source Files</Filter>
    </ClInclude>
    <ClInclude Include="..\game_shared\voice_banmgr.h">
      <Filter>Source Files</Filter>
    </ClInclude>
    <ClInclude Include="..\game_shared\voice_common.h">
      <Filter>Source Files</Filter>
    </ClInclude>
    <ClInclude Include="..\game_shared\voice_status.h">
      <Filter>Source Files</Filter>
    </ClInclude>
    <ClInclude Include="..\game_shared\vgui_checkbutton2.h">
      <Filter>Source Files\VGUI</Filter>
    </ClInclude>
    <ClInclude Include="..\game_shared\vgui_defaultinputsignal.h">
      <Filter>Source Files\VGUI</Filter>
    </ClInclude>
    <ClInclude Include="..\game_shared\vgui_grid.h">
      <Filter>Source Files\VGUI</Filter>
    </ClInclude>
    <ClInclude Include="..\game_shared\vgui_helpers.h">
      <Filter>Source Files\VGUI</Filter>
    </ClInclude>
    <ClInclude Include="..\game_shared\vgui_listbox.h">
      <Filter>Source Files\VGUI</Filter>
    </ClInclude>
    <ClInclude Include="..\game_shared\vgui_loadtga.h">
      <Filter>Source Files\VGUI</Filter>
    </ClInclude>
    <ClInclude Include="..\game_shared\vgui_scrollbar2.h">
      <Filter>Source Files\VGUI</Filter>
    </ClInclude>
    <ClInclude Include="..\game_shared\vgui_slider2.h">
      <Filter>Source Files\VGUI</Filter>
    </ClInclude>
    <ClInclude Include="ammo.h">
      <Filter>Header Files</Filter>
    </ClInclude>
    <ClInclude Include="ammohistory.h">
      <Filter>Header Files</Filter>
    </ClInclude>
    <ClInclude Include="camera.h">
      <Filter>Header Files</Filter>
    </ClInclude>
    <ClInclude Include="cl_dll.h">
      <Filter>Header Files</Filter>
    </ClInclude>
    <ClInclude Include="cl_util.h">
      <Filter>Header Files</Filter>
    </ClInclude>
    <ClInclude Include="com_weapons.h">
      <Filter>Header Files</Filter>
    </ClInclude>
    <ClInclude Include="cweapon.h">
      <Filter>Header Files</Filter>
    </ClInclude>
    <ClInclude Include="demo.h">
      <Filter>Header Files</Filter>
    </ClInclude>
    <ClInclude Include="ev_hldm.h">
      <Filter>Header Files</Filter>
    </ClInclude>
    <ClInclude Include="eventscripts.h">
      <Filter>Header Files</Filter>
    </ClInclude>
    <ClInclude Include="GameStudioModelRenderer.h">
      <Filter>Header Files</Filter>
    </ClInclude>
    <ClInclude Include="hud.h">
      <Filter>Header Files</Filter>
    </ClInclude>
    <ClInclude Include="hud_iface.h">
      <Filter>Header Files</Filter>
    </ClInclude>
    <ClInclude Include="hud_servers.h">
      <Filter>Header Files</Filter>
    </ClInclude>
    <ClInclude Include="hud_servers_priv.h">
      <Filter>Header Files</Filter>
    </ClInclude>
    <ClInclude Include="hud_spectator.h">
      <Filter>Header Files</Filter>
    </ClInclude>
    <ClInclude Include="in_defs.h">
      <Filter>Header Files</Filter>
    </ClInclude>
    <ClInclude Include="kbutton.h">
      <Filter>Header Files</Filter>
    </ClInclude>
    <ClInclude Include="parsemsg.h">
      <Filter>Header Files</Filter>
    </ClInclude>
    <ClInclude Include="plinfo.h">
      <Filter>Header Files</Filter>
    </ClInclude>
    <ClInclude Include="resource.h">
      <Filter>Header Files</Filter>
    </ClInclude>
    <ClInclude Include="studio_util.h">
      <Filter>Header Files</Filter>
    </ClInclude>
    <ClInclude Include="StudioModelRenderer.h">
      <Filter>Header Files</Filter>
    </ClInclude>
    <ClInclude Include="tf_defs.h">
      <Filter>Header Files</Filter>
    </ClInclude>
    <ClInclude Include="timer.h">
      <Filter>Header Files</Filter>
    </ClInclude>
    <ClInclude Include="util_vector.h">
      <Filter>Header Files</Filter>
    </ClInclude>
    <ClInclude Include="vgui_combobox.h">
      <Filter>Header Files</Filter>
    </ClInclude>
    <ClInclude Include="vgui_ConsolePanel.h">
      <Filter>Header Files</Filter>
    </ClInclude>
    <ClInclude Include="vgui_ControlConfigPanel.h">
      <Filter>Header Files</Filter>
    </ClInclude>
    <ClInclude Include="vgui_int.h">
      <Filter>Header Files</Filter>
    </ClInclude>
    <ClInclude Include="vgui_SchemeManager.h">
      <Filter>Header Files</Filter>
    </ClInclude>
    <ClInclude Include="vgui_ScorePanel.h">
      <Filter>Header Files</Filter>
    </ClInclude>
    <ClInclude Include="vgui_ServerBrowser.h">
      <Filter>Header Files</Filter>
    </ClInclude>
    <ClInclude Include="vgui_SpectatorPanel.h">
      <Filter>Header Files</Filter>
    </ClInclude>
    <ClInclude Include="vgui_TeamFortressViewport.h">
      <Filter>Header Files</Filter>
    </ClInclude>
    <ClInclude Include="view.h">
      <Filter>Header Files</Filter>
    </ClInclude>
    <ClInclude Include="wrect.h">
      <Filter>Header Files</Filter>
    </ClInclude>
  </ItemGroup>
</Project>